
Microsoft Visual Studio Solution File, Format Version 12.00
# Visual Studio 15
Project("{FAE04EC0-301F-11D3-BF4B-00C04F79EFBC}") = "Assembly-CSharp", "Assembly-CSharp.csproj", "{99C72CE9-85D4-EC81-E6F4-0A5854F811FE}"
EndProject
Global
	GlobalSection(SolutionConfigurationPlatforms) = preSolution
		Debug|Any CPU = Debug|Any CPU
		Release|Any CPU = Release|Any CPU
	EndGlobalSection
	GlobalSection(ProjectConfigurationPlatforms) = postSolution
		{99C72CE9-85D4-EC81-E6F4-0A5854F811FE}.Debug|Any CPU.ActiveCfg = Debug|Any CPU
		{99C72CE9-85D4-EC81-E6F4-0A5854F811FE}.Debug|Any CPU.Build.0 = Debug|Any CPU
		{99C72CE9-85D4-EC81-E6F4-0A5854F811FE}.Release|Any CPU.ActiveCfg = Release|Any CPU
		{99C72CE9-85D4-EC81-E6F4-0A5854F811FE}.Release|Any CPU.Build.0 = Release|Any CPU
	EndGlobalSection
	GlobalSection(SolutionProperties) = preSolution
		HideSolutionNode = FALSE
	EndGlobalSection
EndGlobal
